version: 7
platforms:
- name: win-64
  virtual-packages:
  - __win=10.0
  - __archspec=0=x86_64
environments:
  default:
    channels:
    - url: https://conda.anaconda.org/conda-forge/
    packages:
      win-64:
      - conda: https://conda.anaconda.org/conda-forge/noarch/ca-certificates-2026.7.22-h4c7d964_0.conda
      - conda: https://conda.anaconda.org/conda-forge/noarch/cloudpickle-3.1.2-pyhcf101f3_1.conda
      - conda: https://conda.anaconda.org/conda-forge/noarch/colorama-0.4.6-pyhd8ed1ab_1.conda
      - conda: https://conda.anaconda.org/conda-forge/noarch/joblib-1.6.0-pyhcf101f3_0.conda
      - conda: https://conda.anaconda.org/conda-forge/noarch/narwhals-2.25.0-pyhcf101f3_0.conda
      - conda: https://conda.anaconda.org/conda-forge/noarch/packaging-26.3-pyhc364b38_0.conda
      - conda: https://conda.anaconda.org/conda-forge/noarch/python-flatbuffers-25.12.19-pyh9d96877_0.conda
      - conda: https://conda.anaconda.org/conda-forge/noarch/python_abi-3.12-9_cp312.conda
      - conda: https://conda.anaconda.org/conda-forge/noarch/threadpoolctl-3.6.0-pyhecae5ae_0.conda
      - conda: https://conda.anaconda.org/conda-forge/noarch/tqdm-4.70.0-pyha7b4d00_0.conda
      - conda: https://conda.anaconda.org/conda-forge/noarch/typing_extensions-4.16.0-pyhcf101f3_0.conda
      - conda: https://conda.anaconda.org/conda-forge/noarch/tzdata-2026c-h151e31d_0.conda
      - conda: https://conda.anaconda.org/conda-forge/win-64/_openmp_mutex-4.5-20_gnu.conda
      - conda: https://conda.anaconda.org/conda-forge/win-64/bzip2-1.0.8-h0ad9c76_10.conda
      - conda: https://conda.anaconda.org/conda-forge/win-64/icu-78.3-h5112557_2.conda
      - conda: https://conda.anaconda.org/conda-forge/win-64/lcms2-2.19.1-hf2c6c5f_2.conda
      - conda: https://conda.anaconda.org/conda-forge/win-64/lerc-4.2.0-hd936e49_0.conda
      - conda: https://conda.anaconda.org/conda-forge/win-64/libabseil-20260526.0-cxx17_h04e5de1_2.conda
      - conda: https://conda.anaconda.org/conda-forge/win-64/libblas-3.11.0-10_h8455456_mkl.conda
      - conda: https://conda.anaconda.org/conda-forge/win-64/libcblas-3.11.0-10_h2a3cdd5_mkl.conda
      - conda: https://conda.anaconda.org/conda-forge/win-64/libdeflate-1.25-h1a1d4e4_1.conda
      - conda: https://conda.anaconda.org/conda-forge/win-64/libexpat-2.8.1-hac47afa_1.conda
      - conda: https://conda.anaconda.org/conda-forge/win-64/libffi-3.7.0-h3d046cb_1.conda
      - conda: https://conda.anaconda.org/conda-forge/win-64/libfreetype-2.14.3-h57928b3_2.conda
      - conda: https://conda.anaconda.org/conda-forge/win-64/libfreetype6-2.14.3-hdbac1cb_2.conda
      - conda: https://conda.anaconda.org/conda-forge/win-64/libgcc-16.2.0-h110b43a_4.conda
      - conda: https://conda.anaconda.org/conda-forge/win-64/libgomp-16.2.0-h8ee18e1_4.conda
      - conda: https://conda.anaconda.org/conda-forge/win-64/libhwloc-2.13.0-default_h049141e_1000.conda
      - conda: https://conda.anaconda.org/conda-forge/win-64/libiconv-1.18-hc1393d2_3.conda
      - conda: https://conda.anaconda.org/conda-forge/win-64/libjpeg-turbo-3.2.0-hfd05255_1.conda
      - conda: https://conda.anaconda.org/conda-forge/win-64/liblapack-3.11.0-10_hf9ab0e9_mkl.conda
      - conda: https://conda.anaconda.org/conda-forge/win-64/liblzma-5.8.3-hfd05255_1.conda
      - conda: https://conda.anaconda.org/conda-forge/win-64/libonnx-1.22.0-h37f9e91_2.conda
      - conda: https://conda.anaconda.org/conda-forge/win-64/libpng-1.6.58-hdc8cecf_1.conda
      - conda: https://conda.anaconda.org/conda-forge/win-64/libprotobuf-7.35.1-h1a71995_3.conda
      - conda: https://conda.anaconda.org/conda-forge/win-64/libpython-3.12.14-hcc31f7b_3_cpython.conda
      - conda: https://conda.anaconda.org/conda-forge/win-64/libsqlite-3.53.4-hf5d6505_1.conda
      - conda: https://conda.anaconda.org/conda-forge/win-64/libtiff-4.7.2-h8f73337_1.conda
      - conda: https://conda.anaconda.org/conda-forge/win-64/libwebp-base-1.6.0-h4d5522a_1.conda
      - conda: https://conda.anaconda.org/conda-forge/win-64/libwinpthread-12.0.0.r4.gg4f2fc60ca-h57928b3_10.conda
      - conda: https://conda.anaconda.org/conda-forge/win-64/libxcb-1.17.0-h874e120_2.conda
      - conda: https://conda.anaconda.org/conda-forge/win-64/libxml2-16-2.15.4-h3cfd58e_0.conda
      - conda: https://conda.anaconda.org/conda-forge/win-64/libxml2-2.15.4-he095d88_0.conda
      - conda: https://conda.anaconda.org/conda-forge/win-64/libzlib-1.3.2-hfd05255_3.conda
      - conda: https://conda.anaconda.org/conda-forge/win-64/llvm-openmp-23.1.0-h49e36cd_0.conda
      - conda: https://conda.anaconda.org/conda-forge/win-64/mkl-2026.1.0-hac47afa_235.conda
      - conda: https://conda.anaconda.org/conda-forge/win-64/ml_dtypes-0.5.4-np2py312ha76dc74_1.conda
      - conda: https://conda.anaconda.org/conda-forge/win-64/numpy-2.5.3-py312ha3f287d_0.conda
      - conda: https://conda.anaconda.org/conda-forge/win-64/onnx-1.22.0-py312hf9e2600_2.conda
      - conda: https://conda.anaconda.org/conda-forge/win-64/onnxruntime-1.29.1-py312h75b6ef6_0_cpu.conda
      - conda: https://conda.anaconda.org/conda-forge/win-64/openjpeg-2.5.4-h90fa87c_2.conda
      - conda: https://conda.anaconda.org/conda-forge/win-64/openssl-3.6.4-hf411b9b_0.conda
      - conda: https://conda.anaconda.org/conda-forge/win-64/pillow-12.3.0-py312h31f0997_2.conda
      - conda: https://conda.anaconda.org/conda-forge/win-64/protobuf-7.35.1-py312h87014b1_3.conda
      - conda: https://conda.anaconda.org/conda-forge/win-64/pthread-stubs-0.4-hfa92662_1004.conda
      - conda: https://conda.anaconda.org/conda-forge/win-64/python-3.12.14-hb12b558_3_cpython.conda
      - conda: https://conda.anaconda.org/conda-forge/win-64/scikit-learn-1.9.0-np2py312hea30aaf_0.conda
      - conda: https://conda.anaconda.org/conda-forge/win-64/scipy-1.18.0-py312h9b3c559_0.conda
      - conda: https://conda.anaconda.org/conda-forge/win-64/tbb-2023.0.0-hdcfe883_3.conda
      - conda: https://conda.anaconda.org/conda-forge/win-64/tk-8.6.13-h967ab96_4.conda
      - conda: https://conda.anaconda.org/conda-forge/win-64/ucrt-10.0.26100.0-h57928b3_0.conda
      - conda: https://conda.anaconda.org/conda-forge/win-64/vc-14.5-ha367084_41.conda
      - conda: https://conda.anaconda.org/conda-forge/win-64/vc14_runtime-14.51.36247-habf1de7_41.conda
      - conda: https://conda.anaconda.org/conda-forge/win-64/vcomp14-14.51.36247-habf1de7_41.conda
      - conda: https://conda.anaconda.org/conda-forge/win-64/xorg-libxau-1.0.12-hba3369d_2.conda
      - conda: https://conda.anaconda.org/conda-forge/win-64/xorg-libxdmcp-1.1.5-hba3369d_2.conda
      - conda: https://conda.anaconda.org/conda-forge/win-64/zlib-ng-2.3.3-h0261ad2_1.conda
      - conda: https://conda.anaconda.org/conda-forge/win-64/zstd-1.5.7-h534d264_7.conda
packages:
- conda: https://conda.anaconda.org/conda-forge/noarch/ca-certificates-2026.7.22-h4c7d964_0.conda
  sha256: 95e8e74062a5fe5f870ac8c90302b6e89945165fdaed7810606e84ddee6aac12
  md5: e27d2ac27b096dc51fedfcf775a53f9b
  depends:
  - __win
  license: ISC
  run_exports: {}
  size: 132136
  timestamp: 1784754918886
- conda: https://conda.anaconda.org/conda-forge/noarch/cloudpickle-3.1.2-pyhcf101f3_1.conda
  sha256: 4c287c2721d8a34c94928be8fe0e9a85754e90189dd4384a31b1806856b50a67
  md5: 61b8078a0905b12529abc622406cb62c
  depends:
  - python >=3.10
  - python
  license: BSD-3-Clause
  license_family: BSD
  run_exports: {}
  size: 27353
  timestamp: 1765303462831
- conda: https://conda.anaconda.org/conda-forge/noarch/colorama-0.4.6-pyhd8ed1ab_1.conda
  sha256: ab29d57dc70786c1269633ba3dff20288b81664d3ff8d21af995742e2bb03287
  md5: 962b9857ee8e7018c22f2776ffa0b2d7
  depends:
  - python >=3.9
  license: BSD-3-Clause
  license_family: BSD
  run_exports: {}
  size: 27011
  timestamp: 1733218222191
- conda: https://conda.anaconda.org/conda-forge/noarch/joblib-1.6.0-pyhcf101f3_0.conda
  sha256: 96b76ace583404ce4fbc234baa6cdb3de485887913104d4ac51994f9b6656696
  md5: 4ebc70ef1af2e21cdc8edb1bfa1ec28d
  depends:
  - python >=3.10
  - cloudpickle >=3.0
  - python
  license: BSD-3-Clause
  license_family: BSD
  run_exports: {}
  size: 228858
  timestamp: 1788177170105
- conda: https://conda.anaconda.org/conda-forge/noarch/narwhals-2.25.0-pyhcf101f3_0.conda
  sha256: e48d972fae8e32ca43eefd1a9649afa3a82b4dda5fe12caa441f0bc9e8d1938d
  md5: 0117bf65e45c951a9b0004172cfaeef6
  depends:
  - python >=3.10
  - python
  license: MIT
  license_family: MIT
  run_exports: {}
  size: 293989
  timestamp: 1787261063562
- conda: https://conda.anaconda.org/conda-forge/noarch/packaging-26.3-pyhc364b38_0.conda
  sha256: c432626b16768b8dab228bfb706f7060c2d462a21c516d240f68f2f902b5a044
  md5: 936687ed80f295a1f5dbcf8bd34c252c
  depends:
  - python >=3.9
  - python
  license: Apache-2.0
  license_family: APACHE
  run_exports: {}
  size: 116363
  timestamp: 1785888127370
- conda: https://conda.anaconda.org/conda-forge/noarch/python-flatbuffers-25.12.19-pyh9d96877_0.conda
  sha256: dff2f2fc462996f71686c05a0fba78a0dc919034ef8d879dd8366534ad64c0f1
  md5: 3a28cf4d2187c1dfb0c31aedbf275b8c
  depends:
  - python >=3.10
  license: Apache-2.0
  license_family: Apache
  run_exports: {}
  size: 35556
  timestamp: 1784053026634
- conda: https://conda.anaconda.org/conda-forge/noarch/python_abi-3.12-9_cp312.conda
  build_number: 9
  sha256: ee9c2922e07afc85fc82d5fa82c9ac2c79da3be3283a5e17bf2f2ae38dbd02fb
  md5: 4c32076993e6270825441d059ab5c18b
  constrains:
  - python 3.12.* *_cpython
  license: BSD-3-Clause
  license_family: BSD
  run_exports: {}
  size: 6751
  timestamp: 1788302823694
- conda: https://conda.anaconda.org/conda-forge/noarch/threadpoolctl-3.6.0-pyhecae5ae_0.conda
  sha256: 6016672e0e72c4cf23c0cf7b1986283bd86a9c17e8d319212d78d8e9ae42fdfd
  md5: 9d64911b31d57ca443e9f1e36b04385f
  depends:
  - python >=3.9
  license: BSD-3-Clause
  license_family: BSD
  run_exports: {}
  size: 23869
  timestamp: 1741878358548
- conda: https://conda.anaconda.org/conda-forge/noarch/tqdm-4.70.0-pyha7b4d00_0.conda
  sha256: 669cd06a4c7c1139f9c6b9850d16d71c1b4ce42375806976a03dba824283fef0
  md5: 7eac270516c8221cedc7f40a96d7fb8f
  depends:
  - python >=3.10
  - colorama
  - __win
  - python
  constrains:
  - envwrap >=0.2
  - ipywidgets >=6.0
  license: MPL-2.0 and MIT
  run_exports: {}
  size: 97602
  timestamp: 1785172567718
- conda: https://conda.anaconda.org/conda-forge/noarch/typing_extensions-4.16.0-pyhcf101f3_0.conda
  sha256: 2d888f90af0686044882c74193ec80a90ec1943145d94a7b1b048958acda1848
  md5: c70ad746c22219b9700931707482992c
  depends:
  - python >=3.10
  - python
  license: PSF-2.0
  license_family: PSF
  run_exports: {}
  size: 52631
  timestamp: 1783002732887
- conda: https://conda.anaconda.org/conda-forge/noarch/tzdata-2026c-h151e31d_0.conda
  sha256: b928c30ddcb0e3f544c6eade8352737e6e610e263276b90232db6a578ef899d8
  md5: fcb489df604d100968b737f2cb6076c6
  license: LicenseRef-Public-Domain
  run_exports: {}
  size: 118849
  timestamp: 1784250406640
- conda: https://conda.anaconda.org/conda-forge/win-64/_openmp_mutex-4.5-20_gnu.conda
  build_number: 20
  sha256: 8a1cee28bd0ee7451ada1cd50b64720e57e17ff994fc62dd8329bef570d382e4
  md5: 1626967b574d1784b578b52eaeb071e7
  depends:
  - libgomp >=7.5.0
  - libwinpthread >=12.0.0.r4.gg4f2fc60ca
  constrains:
  - openmp_impl <0.0a0
  - msys2-conda-epoch <0.0a0
  license: BSD-3-Clause
  license_family: BSD
  run_exports:
    strong:
    - _openmp_mutex >=4.5
  size: 52252
  timestamp: 1770943776666
- conda: https://conda.anaconda.org/conda-forge/win-64/bzip2-1.0.8-h0ad9c76_10.conda
  sha256: 04767466ee9227c9c57ab2c6503e0149177d34111c7418d2f420297acb1eb229
  md5: c3301c058362f340100d91cd8be0393f
  depends:
  - ucrt >=10.0.20348.0
  - vc >=14.3,<15
  - vc14_runtime >=14.44.35208
  license: bzip2-1.0.6
  license_family: BSD
  run_exports:
    weak:
    - bzip2 >=1.0.8,<2.0a0
  size: 55919
  timestamp: 1785906343696
- conda: https://conda.anaconda.org/conda-forge/win-64/icu-78.3-h5112557_2.conda
  sha256: 75c549b55b673e15de8785a8e5dd85bca7eb612eee0ff4dc8d7bdaa15eacbdbb
  md5: e596942e8ee6ee17fdcf1e6a77757a66
  depends:
  - vc >=14.3,<15
  - vc14_runtime >=14.44.35208
  - ucrt >=10.0.20348.0
  license: MIT
  license_family: MIT
  run_exports:
    weak:
    - icu >=78.3,<79.0a0
  size: 16835644
  timestamp: 1784916416303
- conda: https://conda.anaconda.org/conda-forge/win-64/lcms2-2.19.1-hf2c6c5f_2.conda
  sha256: df1c1a4dd44c54f238dc0a230d31eab9e73ada472dc4fa357552333b35641804
  md5: 2bd9052d2e496ea54f47d9db8ae4f881
  depends:
  - libjpeg-turbo >=3.2.0,<4.0a0
  - libtiff >=4.7.2,<4.8.0a0
  - ucrt >=10.0.20348.0
  - vc >=14.3,<15
  - vc14_runtime >=14.44.35208
  license: MIT
  license_family: MIT
  run_exports:
    weak:
    - lcms2 >=2.19.1,<3.0a0
  size: 523808
  timestamp: 1788155971355
- conda: https://conda.anaconda.org/conda-forge/win-64/lerc-4.2.0-hd936e49_0.conda
  sha256: 93d666f63f284ef77b87b0b1f77b70f7d36d315a132f9afa64bc0012d937ba39
  md5: add59e2b60ac9d4299d17c938185c75a
  depends:
  - ucrt >=10.0.20348.0
  - vc >=14.3,<15
  - vc14_runtime >=14.44.35208
  license: Apache-2.0
  license_family: Apache
  run_exports:
    weak:
    - lerc >=4.2.0,<5.0a0
  size: 175297
  timestamp: 1785036247761
- conda: https://conda.anaconda.org/conda-forge/win-64/libabseil-20260526.0-cxx17_h04e5de1_2.conda
  sha256: 0ba14fd35791873ef167d826f05907421455bd42c1a82a1ff84ad9e8ddddf73b
  md5: 7cd4be232c8e6388fcf5fadc7f429dd7
  depends:
  - ucrt >=10.0.20348.0
  - vc >=14.3,<15
  - vc14_runtime >=14.44.35208
  constrains:
  - abseil-cpp =20260526.0
  - libabseil-static =20260526.0=cxx17*
  license: Apache-2.0
  license_family: Apache
  run_exports:
    weak:
    - libabseil >=20260526.0,<20260527.0a0
    - libabseil =*=cxx17*
  size: 1978839
  timestamp: 1787217043767
- conda: https://conda.anaconda.org/conda-forge/win-64/libblas-3.11.0-10_h8455456_mkl.conda
  build_number: 10
  sha256: 75eda322affc30fcdbd68e5aba7f8dbec91ff53c7d3f281828b5473af3e95bd4
  md5: 0d13dde4466d62a488e58f12aedacc1c
  depends:
  - mkl >=2026.1.0,<2027.0a0
  constrains:
  - blas 2.310   mkl
  - libcblas   3.11.0   10*_mkl
  - liblapack  3.11.0   10*_mkl
  - liblapacke 3.11.0   10*_mkl
  license: BSD-3-Clause
  license_family: BSD
  run_exports:
    weak:
    - libblas >=3.11.0,<4.0a0
  size: 67014
  timestamp: 1788077238349
- conda: https://conda.anaconda.org/conda-forge/win-64/libcblas-3.11.0-10_h2a3cdd5_mkl.conda
  build_number: 10
  sha256: 683c47e93178836bbbf0213241f4beb5454b60f75622040cbc73d1ef61df311f
  md5: 7f19a81a13d7e167c42c096ff311a341
  depends:
  - libblas 3.11.0 10_h8455456_mkl
  constrains:
  - blas 2.310   mkl
  - liblapack  3.11.0   10*_mkl
  - liblapacke 3.11.0   10*_mkl
  license: BSD-3-Clause
  license_family: BSD
  run_exports:
    weak:
    - libcblas >=3.11.0,<4.0a0
  size: 67515
  timestamp: 1788077250451
- conda: https://conda.anaconda.org/conda-forge/win-64/libdeflate-1.25-h1a1d4e4_1.conda
  sha256: af1cda21d4653f594fbef20aa4e1ff158a546902b3307ef8af9a9b44b43862d2
  md5: e4e122e124676a49eebf241399ad8393
  depends:
  - ucrt >=10.0.20348.0
  - vc >=14.3,<15
  - vc14_runtime >=14.44.35208
  license: MIT
  license_family: MIT
  run_exports:
    weak:
    - libdeflate >=1.25,<1.26.0a0
  size: 157828
  timestamp: 1785908793271
- conda: https://conda.anaconda.org/conda-forge/win-64/libexpat-2.8.1-hac47afa_1.conda
  sha256: 1a54d874addda73b6f7164d5f3905821277a1831bcc05edd74b3085391688571
  md5: ccc490c81ffe14181861beac0e8f3169
  depends:
  - ucrt >=10.0.20348.0
  - vc >=14.3,<15
  - vc14_runtime >=14.44.35208
  constrains:
  - expat 2.8.1.*
  license: MIT
  license_family: MIT
  run_exports: {}
  size: 71631
  timestamp: 1781203724164
- conda: https://conda.anaconda.org/conda-forge/win-64/libffi-3.7.0-h3d046cb_1.conda
  sha256: 613e8077c5cca5df7fe84ade7d5050301bee3c6c4c450ffe61d34a349ab4f11c
  md5: ceb38b0ba900847d8da4289c3c8e5708
  depends:
  - ucrt >=10.0.20348.0
  - vc >=14.3,<15
  - vc14_runtime >=14.44.35208
  license: MIT
  license_family: MIT
  run_exports:
    weak:
    - libffi >=3.7.0,<3.8.0a0
  size: 49992
  timestamp: 1787753517346
- conda: https://conda.anaconda.org/conda-forge/win-64/libfreetype-2.14.3-h57928b3_2.conda
  sha256: d794d7fddb6eea50e18a62fa27ab3819f40d51bad00b90cf4ca591fb0d4006c2
  md5: 740f99c3c91079c03874b809fedace1b
  depends:
  - libfreetype6 >=2.14.3
  license: GPL-2.0-only OR FTL
  run_exports: {}
  size: 8742
  timestamp: 1786641045882
- conda: https://conda.anaconda.org/conda-forge/win-64/libfreetype6-2.14.3-hdbac1cb_2.conda
  sha256: cbc650854003e434d4ff6c7b1a2667e38a4242ad8a391a1c5ff89721624065ce
  md5: 8157483eb7ed3fcba71aad3b50a97131
  depends:
  - libpng >=1.6.58,<1.7.0a0
  - libzlib >=1.3.2,<2.0a0
  - ucrt >=10.0.20348.0
  - vc >=14.3,<15
  - vc14_runtime >=14.44.35208
  constrains:
  - freetype >=2.14.3
  license: GPL-2.0-only OR FTL
  run_exports: {}
  size: 340385
  timestamp: 1786641044865
- conda: https://conda.anaconda.org/conda-forge/win-64/libgcc-16.2.0-h110b43a_4.conda
  sha256: 32c0d1adcc96835d5f681c7e72b7f5e2e30088149239e002b8a6f581a072e1d2
  md5: 02793cf48b68687fee158a48c92850a6
  depends:
  - _openmp_mutex >=4.5
  - libwinpthread >=12.0.0.r4.gg4f2fc60ca
  constrains:
  - libgcc-ng ==16.2.0=*_4
  - libgomp 16.2.0 h8ee18e1_4
  - msys2-conda-epoch <0.0a0
  license: GPL-3.0-only WITH GCC-exception-3.1
  license_family: GPL
  run_exports: {}
  size: 826694
  timestamp: 1787625780171
- conda: https://conda.anaconda.org/conda-forge/win-64/libgomp-16.2.0-h8ee18e1_4.conda
  sha256: 9ef1a22fb50b31fbf9c01cf709e8f55b60fd3c02401d150be4a55943f9e3832f
  md5: 91189f0bc9ff21f385fcda6232346612
  depends:
  - libwinpthread >=12.0.0.r4.gg4f2fc60ca
  constrains:
  - msys2-conda-epoch <0.0a0
  license: GPL-3.0-only WITH GCC-exception-3.1
  license_family: GPL
  run_exports:
    strong:
    - _openmp_mutex >=4.5
    - libgomp >=16.2.0
  size: 688168
  timestamp: 1787625720312
- conda: https://conda.anaconda.org/conda-forge/win-64/libhwloc-2.13.0-default_h049141e_1000.conda
  sha256: 2ee12e37223dfcd0acd050c80a91150c482b6e2899198521e1800dce66662467
  md5: 6a01c986e30292c715038d2788aa1385
  depends:
  - libwinpthread >=12.0.0.r4.gg4f2fc60ca
  - libxml2
  - libxml2-16 >=2.14.6
  - ucrt >=10.0.20348.0
  - vc >=14.3,<15
  - vc14_runtime >=14.44.35208
  license: BSD-3-Clause
  license_family: BSD
  run_exports:
    weak:
    - libhwloc >=2.13.0,<2.13.1.0a0
  size: 2396128
  timestamp: 1770954127918
- conda: https://conda.anaconda.org/conda-forge/win-64/libiconv-1.18-hc1393d2_3.conda
  sha256: 35e04e3ddac7720fc7c550a1c9f998604299d6a7bd1f3ec9b2825d825061daa2
  md5: a8a2abdf0f901bc4779d9b7be0845921
  depends:
  - ucrt >=10.0.20348.0
  - vc >=14.3,<15
  - vc14_runtime >=14.44.35208
  license: LGPL-2.1-only
  run_exports:
    weak:
    - libiconv >=1.18,<2.0a0
  size: 694899
  timestamp: 1787033851701
- conda: https://conda.anaconda.org/conda-forge/win-64/libjpeg-turbo-3.2.0-hfd05255_1.conda
  sha256: df78ab4c0eecb3dd9331898f96baeed8e5ca1c363346332517abeb0b614b9a53
  md5: fc2c23bacefd1e733f1e1d6cd3b2aaeb
  depends:
  - ucrt >=10.0.20348.0
  - vc >=14.3,<15
  - vc14_runtime >=14.44.35208
  constrains:
  - jpeg <0.0.0a
  license: IJG AND BSD-3-Clause AND Zlib
  run_exports:
    weak:
    - libjpeg-turbo >=3.2.0,<4.0a0
  size: 990125
  timestamp: 1785896494014
- conda: https://conda.anaconda.org/conda-forge/win-64/liblapack-3.11.0-10_hf9ab0e9_mkl.conda
  build_number: 10
  sha256: d7074faabf4ecace4584801d5f41c71be1e5cf52a659eab2604a96c5a8f437a9
  md5: 3a442b27a0ca4153d07b3ceb12fd486f
  depends:
  - libblas 3.11.0 10_h8455456_mkl
  constrains:
  - blas 2.310   mkl
  - libcblas   3.11.0   10*_mkl
  - liblapacke 3.11.0   10*_mkl
  license: BSD-3-Clause
  license_family: BSD
  run_exports:
    weak:
    - liblapack >=3.11.0,<3.12.0a0
  size: 79490
  timestamp: 1788077261256
- conda: https://conda.anaconda.org/conda-forge/win-64/liblzma-5.8.3-hfd05255_1.conda
  sha256: d36c4a1e1f80fd08e18a407e03622ff2f34dfdd022da6488ad19603dea19e6d5
  md5: 880a0c8549479b198af21ba5dc49b109
  depends:
  - ucrt >=10.0.20348.0
  - vc >=14.3,<15
  - vc14_runtime >=14.44.35208
  constrains:
  - xz 5.8.3.*
  license: 0BSD
  run_exports:
    weak:
    - liblzma >=5.8.3,<6.0a0
  size: 105809
  timestamp: 1786348717883
- conda: https://conda.anaconda.org/conda-forge/win-64/libonnx-1.22.0-h37f9e91_2.conda
  sha256: 543a62cfaaad43846e0d2fbdf6bfc1975aafea9283d29a21b5e991d4bcbab79f
  md5: cd3581db0f47624f3b9e99da0283201a
  depends:
  - vc >=14.3,<15
  - vc14_runtime >=14.44.35208
  - ucrt >=10.0.20348.0
  - libprotobuf >=7.35.1,<7.35.2.0a0
  license: Apache-2.0
  license_family: APACHE
  run_exports:
    weak:
    - libonnx >=1.22.0,<1.22.1.0a0
  size: 1371294
  timestamp: 1789095385021
- conda: https://conda.anaconda.org/conda-forge/win-64/libpng-1.6.58-hdc8cecf_1.conda
  sha256: 8c49c32adf3ba2c59783630b82377f54ab72204ea99e2bafc90a47a8e25c1032
  md5: 5aa7348e73691187c81d51616f17e48a
  depends:
  - vc >=14.3,<15
  - vc14_runtime >=14.44.35208
  - ucrt >=10.0.20348.0
  - libzlib >=1.3.2,<2.0a0
  license: zlib-acknowledgement
  run_exports:
    weak:
    - libpng >=1.6.58,<1.7.0a0
  size: 385462
  timestamp: 1786616543374
- conda: https://conda.anaconda.org/conda-forge/win-64/libprotobuf-7.35.1-h1a71995_3.conda
  sha256: ad39d17df4384bacc106e18a3446ac18a4eab57f4f2da15fa58cdc63cb61957b
  md5: 4d0c07f8d96e268fc4221c19e51fa165
  depends:
  - libabseil * cxx17*
  - libabseil >=20260526.0,<20260527.0a0
  - libzlib >=1.3.2,<2.0a0
  - ucrt >=10.0.20348.0
  - vc >=14.3,<15
  - vc14_runtime >=14.44.35208
  license: BSD-3-Clause
  license_family: BSD
  run_exports:
    weak:
    - libprotobuf >=7.35.1,<7.35.2.0a0
  size: 7511658
  timestamp: 1787658008053
- conda: https://conda.anaconda.org/conda-forge/win-64/libpython-3.12.14-hcc31f7b_3_cpython.conda
  build_number: 3
  sha256: 851afbb744c912325ca09304e2c518a99ab466bdb716d4edb90e4d749ca17c27
  md5: 2a7b3fc2441dc4df29a5804d677fb720
  depends:
  - ucrt >=10.0.20348.0
  - vc >=14.3,<15
  - vc14_runtime >=14.44.35208
  license: Python-2.0
  run_exports: {}
  size: 47115
  timestamp: 1788391199638
- conda: https://conda.anaconda.org/conda-forge/win-64/libsqlite-3.53.4-hf5d6505_1.conda
  sha256: 0a45d7c0f20146fff787a106f8fa187872e309c70975ff8f0936e188914c26ad
  md5: a72d495965b144bb7da033642d389047
  depends:
  - ucrt >=10.0.20348.0
  - vc >=14.3,<15
  - vc14_runtime >=14.44.35208
  license: blessing
  run_exports:
    weak:
    - libsqlite >=3.53.4,<4.0a0
  size: 1314919
  timestamp: 1787051140039
- conda: https://conda.anaconda.org/conda-forge/win-64/libtiff-4.7.2-h8f73337_1.conda
  sha256: 3575a092e3e52625a1767804a4ebd321becaadf61b63dcd6735ebb88c0b3c359
  md5: 970dbe48f843e7fbd179a9b6c22f865a
  depends:
  - lerc >=4.2.0,<5.0a0
  - libdeflate >=1.25,<1.26.0a0
  - libjpeg-turbo >=3.2.0,<4.0a0
  - liblzma >=5.8.3,<6.0a0
  - libzlib >=1.3.2,<2.0a0
  - ucrt >=10.0.20348.0
  - vc >=14.3,<15
  - vc14_runtime >=14.44.35208
  - zstd >=1.5.7,<1.6.0a0
  license: HPND
  run_exports:
    weak:
    - libtiff >=4.7.2,<4.8.0a0
  size: 1014211
  timestamp: 1787755773611
- conda: https://conda.anaconda.org/conda-forge/win-64/libwebp-base-1.6.0-h4d5522a_1.conda
  sha256: 4470d98d3178b0d45492eed4808afe421d2e7808352b8d06c2dc29166b75d94d
  md5: 35a9475e4cc999d52921f57c181979fc
  depends:
  - ucrt >=10.0.20348.0
  - vc >=14.3,<15
  - vc14_runtime >=14.44.35208
  constrains:
  - libwebp 1.6.0
  license: BSD-3-Clause
  license_family: BSD
  run_exports:
    weak:
    - libwebp-base >=1.6.0,<2.0a0
  size: 278886
  timestamp: 1785954716703
- conda: https://conda.anaconda.org/conda-forge/win-64/libwinpthread-12.0.0.r4.gg4f2fc60ca-h57928b3_10.conda
  sha256: 0fccf2d17026255b6e10ace1f191d0a2a18f2d65088fd02430be17c701f8ffe0
  md5: 8a86073cf3b343b87d03f41790d8b4e5
  depends:
  - ucrt
  constrains:
  - pthreads-win32 <0.0a0
  - msys2-conda-epoch <0.0a0
  license: MIT AND BSD-3-Clause-Clear
  run_exports: {}
  size: 36621
  timestamp: 1759768399557
- conda: https://conda.anaconda.org/conda-forge/win-64/libxcb-1.17.0-h874e120_2.conda
  sha256: f5932cbcadb67bef9374ee864fed72411af29e88690435c6c7fc5633c89dabee
  md5: 3658b0201b32da9607ea5e3c1c463c1f
  depends:
  - libgcc >=13
  - libwinpthread >=12.0.0.r4.gg4f2fc60ca
  - pthread-stubs
  - ucrt >=10.0.20348.0
  - xorg-libxau >=1.0.12,<2.0a0
  - xorg-libxdmcp >=1.1.5,<2.0a0
  license: MIT
  license_family: MIT
  run_exports:
    weak:
    - libxcb >=1.17.0,<2.0a0
  size: 1215534
  timestamp: 1787886015478
- conda: https://conda.anaconda.org/conda-forge/win-64/libxml2-16-2.15.4-h3cfd58e_0.conda
  sha256: 9fa71cec30425c9cc8eda6af3574af1faf4fefa5e239c9e037b1f778ef3ce8ac
  md5: bab5489f4bd38494ffaa83d6ab924c1f
  depends:
  - icu >=78.3,<79.0a0
  - libiconv >=1.18,<2.0a0
  - liblzma >=5.8.3,<6.0a0
  - libzlib >=1.3.2,<2.0a0
  - ucrt >=10.0.20348.0
  - vc >=14.3,<15
  - vc14_runtime >=14.44.35208
  constrains:
  - libxml2 2.15.4
  license: MIT
  license_family: MIT
  run_exports: {}
  size: 515800
  timestamp: 1788635268845
- conda: https://conda.anaconda.org/conda-forge/win-64/libxml2-2.15.4-he095d88_0.conda
  sha256: a19bb3821830f6b1281e782844d5dd265f796dfed2e4812b16c9995a8c778c88
  md5: 3ce54d0f8f24dfab99d82414411640aa
  depends:
  - icu >=78.3,<79.0a0
  - libiconv >=1.18,<2.0a0
  - liblzma >=5.8.3,<6.0a0
  - libxml2-16 2.15.4 h3cfd58e_0
  - libzlib >=1.3.2,<2.0a0
  - ucrt >=10.0.20348.0
  - vc >=14.3,<15
  - vc14_runtime >=14.44.35208
  license: MIT
  license_family: MIT
  run_exports:
    weak:
    - libxml2
    - libxml2-16 >=2.15.4
  size: 43845
  timestamp: 1788635276599
- conda: https://conda.anaconda.org/conda-forge/win-64/libzlib-1.3.2-hfd05255_3.conda
  sha256: 0629c2cc0404d3bb29d6baa7b4ba62da80797015e86de050db81ea5a07050527
  md5: 5d2ff29d465097458cc3ff6569151991
  depends:
  - ucrt >=10.0.20348.0
  - vc >=14.3,<15
  - vc14_runtime >=14.44.35208
  constrains:
  - zlib 1.3.2 *_3
  license: Zlib
  license_family: Other
  run_exports:
    weak:
    - libzlib >=1.3.2,<2.0a0
  size: 58529
  timestamp: 1785276664143
- conda: https://conda.anaconda.org/conda-forge/win-64/llvm-openmp-23.1.0-h49e36cd_0.conda
  sha256: f9658ec83a6744f38e2b8188c76e1c2dea2614f5aa0e14d9d274b19f60646b8c
  md5: 79055ec79e1b43749763122cead30976
  depends:
  - ucrt >=10.0.20348.0
  - vc >=14.3,<15
  - vc14_runtime >=14.44.35208
  constrains:
  - intel-openmp <0.0a0
  - openmp 23.1.0|23.1.0.*
  license: Apache-2.0 WITH LLVM-exception
  license_family: APACHE
  run_exports:
    strong:
    - llvm-openmp >=23.1.0
  size: 342468
  timestamp: 1787722783678
- conda: https://conda.anaconda.org/conda-forge/win-64/mkl-2026.1.0-hac47afa_235.conda
  sha256: bb8abe071f73765446df62924031e6599577e8ac9003264dc4569e78c0fea16d
  md5: ace316c48c178d7faa403dee51e30c7b
  depends:
  - llvm-openmp >=22.1.8
  - tbb >=2023.0.0
  - ucrt >=10.0.20348.0
  - vc >=14.3,<15
  - vc14_runtime >=14.44.35208
  license: LicenseRef-IntelSimplifiedSoftwareOct2022
  license_family: Proprietary
  run_exports: {}
  size: 114686732
  timestamp: 1787725739779
- conda: https://conda.anaconda.org/conda-forge/win-64/ml_dtypes-0.5.4-np2py312ha76dc74_1.conda
  sha256: 6745be306c19b2d43af29d130793e481890f7420daef8568c765080259fcda66
  md5: 8201abcd2833d199e4d2f1aa8a9723ee
  depends:
  - python
  - vc >=14.3,<15
  - vc14_runtime >=14.44.35208
  - ucrt >=10.0.20348.0
  - numpy >=1.23,<3
  - python_abi 3.12.* *_cp312
  license: MPL-2.0 AND Apache-2.0
  run_exports: {}
  size: 201398
  timestamp: 1771362353117
- conda: https://conda.anaconda.org/conda-forge/win-64/numpy-2.5.3-py312ha3f287d_0.conda
  sha256: f214d2012887b5526774eff106f7354f1878ad6b148667a4a91a632c5e49b98b
  md5: 78895c70424556e2bf7bf2f628fc8778
  depends:
  - python
  - vc >=14.3,<15
  - vc14_runtime >=14.44.35208
  - ucrt >=10.0.20348.0
  - libblas >=3.9.0,<4.0a0
  - libcblas >=3.9.0,<4.0a0
  - python_abi 3.12.* *_cp312
  - liblapack >=3.9.0,<4.0a0
  constrains:
  - numpy-base <0a0
  license: BSD-3-Clause
  license_family: BSD
  run_exports:
    weak:
    - numpy >=1.25,<3
  size: 7365941
  timestamp: 1788731996489
- conda: https://conda.anaconda.org/conda-forge/win-64/onnx-1.22.0-py312hf9e2600_2.conda
  sha256: 60ff4ac1fea955f7766ff699933bcb6e2ca26f5d449fac30ec213214eb172c52
  md5: 65d5e9a863dc3fd3ad95f490199ed2e0
  depends:
  - python
  - ml_dtypes
  - protobuf
  - typing_extensions
  - libonnx ==1.22.0 h37f9e91_2
  - vc >=14.3,<15
  - vc14_runtime >=14.44.35208
  - ucrt >=10.0.20348.0
  - python_abi 3.12.* *_cp312
  - libonnx >=1.22.0,<1.22.1.0a0
  - libprotobuf >=7.35.1,<7.35.2.0a0
  license: Apache-2.0
  license_family: APACHE
  run_exports: {}
  size: 9853376
  timestamp: 1789095385021
- conda: https://conda.anaconda.org/conda-forge/win-64/onnxruntime-1.29.1-py312h75b6ef6_0_cpu.conda
  sha256: e89b4c3b54db36b32c902247f9ec54b3f6ef57d4d081c0e35a5ec01c789552c9
  md5: a91c69244d526fc7e31070cd4a9dc1d8
  depends:
  - numpy >=1.25,<3
  - packaging
  - protobuf
  - python >=3.12,<3.13.0a0
  - python-flatbuffers
  - python_abi 3.12.* *_cp312
  - ucrt >=10.0.20348.0
  - vc >=14.3,<15
  - vc14_runtime >=14.44.35208
  license: MIT AND BSL-1.0
  run_exports: {}
  size: 6845261
  timestamp: 1789103319705
- conda: https://conda.anaconda.org/conda-forge/win-64/openjpeg-2.5.4-h90fa87c_2.conda
  sha256: d1c630ccd9ae0898b48d84e986f4c330f66a25e535f99efe8cbf03f042b33da5
  md5: d9b2cb1079cf59651722c09aa3a9f840
  depends:
  - vc >=14.3,<15
  - vc14_runtime >=14.44.35208
  - ucrt >=10.0.20348.0
  - libpng >=1.6.58,<1.7.0a0
  - libtiff >=4.7.2,<4.8.0a0
  - libzlib >=1.3.2,<2.0a0
  license: BSD-2-Clause
  license_family: BSD
  run_exports:
    weak:
    - openjpeg >=2.5.4,<3.0a0
  size: 274994
  timestamp: 1788425052805
- conda: https://conda.anaconda.org/conda-forge/win-64/openssl-3.6.4-hf411b9b_0.conda
  sha256: 9dddb559ba49744d5d94092d8d13cb0567f5c3b3f439f3acf28433d1f4256acc
  md5: 73cb1783f47c452be4c309430fbef89f
  depends:
  - ca-certificates
  - ucrt >=10.0.20348.0
  - vc >=14.3,<15
  - vc14_runtime >=14.44.35208
  license: Apache-2.0
  license_family: Apache
  run_exports:
    weak:
    - openssl >=3.6.4,<4.0a0
  size: 9474879
  timestamp: 1787699876495
- conda: https://conda.anaconda.org/conda-forge/win-64/pillow-12.3.0-py312h31f0997_2.conda
  sha256: 72560e9f1ffe1c4e01554dfa635a1e0c11db0ebb660a5cf6d68251d0ee08ac73
  md5: cfa0dc8a49e980c17de9a3f942dabf3d
  depends:
  - python
  - vc >=14.3,<15
  - vc14_runtime >=14.44.35208
  - ucrt >=10.0.20348.0
  - libtiff >=4.7.2,<4.8.0a0
  - libxcb >=1.17.0,<2.0a0
  - libwebp-base >=1.6.0,<2.0a0
  - tk >=8.6.13,<8.7.0a0
  - python_abi 3.12.* *_cp312
  - openjpeg >=2.5.4,<3.0a0
  - libjpeg-turbo >=3.2.0,<4.0a0
  - zlib-ng >=2.3.3,<2.4.0a0
  - lcms2 >=2.19.1,<3.0a0
  - libfreetype >=2.14.3
  - libfreetype6 >=2.14.3
  license: HPND
  run_exports: {}
  size: 949425
  timestamp: 1788610331353
- conda: https://conda.anaconda.org/conda-forge/win-64/protobuf-7.35.1-py312h87014b1_3.conda
  sha256: 711aadb827bd74e40666c95aa28317c50ee5f8db2c3c14b7a77e2f3c8ca99463
  md5: 92f82e85bdf7b9e69f7406c7c71c8e7d
  depends:
  - python >=3.12,<3.13.0a0
  - python_abi 3.12.* *_cp312
  - ucrt >=10.0.20348.0
  - vc >=14.3
  - vc >=14.3,<15
  - vc14_runtime >=14.44.35208
  constrains:
  - libprotobuf 7.35.1
  license: BSD-3-Clause
  license_family: BSD
  run_exports: {}
  size: 497934
  timestamp: 1788687608594
- conda: https://conda.anaconda.org/conda-forge/win-64/pthread-stubs-0.4-hfa92662_1004.conda
  sha256: 2418cf449df76b0da851cb59b7c826a9ade81914eaff799fbfd3f509ba1edf46
  md5: fda2f9fedee1b85ba855ea26a9b6bbf8
  depends:
  - libgcc >=15
  - libwinpthread >=12.0.0.r4.gg4f2fc60ca
  - ucrt >=10.0.20348.0
  license: MIT
  license_family: MIT
  run_exports: {}
  size: 10612
  timestamp: 1788382011501
- conda: https://conda.anaconda.org/conda-forge/win-64/python-3.12.14-hb12b558_3_cpython.conda
  build_number: 3
  sha256: 8f2eb57564fa7b7d8c5deb689939cfe16b8a4179ff2a81423ca38242371f249c
  md5: ca6b5db05602d2a98f8694c2ad6aa6fb
  depends:
  - bzip2 >=1.0.8,<2.0a0
  - libexpat >=2.8.1,<3.0a0
  - libffi >=3.7.0,<3.8.0a0
  - liblzma >=5.8.3,<6.0a0
  - libpython 3.12.14 hcc31f7b_3_cpython
  - libsqlite >=3.53.4,<4.0a0
  - libzlib >=1.3.2,<2.0a0
  - openssl >=3.5.8,<4.0a0
  - tk >=8.6.13,<8.7.0a0
  - tzdata
  - ucrt >=10.0.20348.0
  - vc >=14.3,<15
  - vc14_runtime >=14.44.35208
  constrains:
  - python_abi 3.12.* *_cp312
  license: Python-2.0
  run_exports:
    weak:
    - python_abi 3.12.* *_cp312
    noarch:
    - python
  size: 15920793
  timestamp: 1788391266273
- conda: https://conda.anaconda.org/conda-forge/win-64/scikit-learn-1.9.0-np2py312hea30aaf_0.conda
  sha256: c89cfc61bd6c690154ff7a7c9029b9dd83aae1049dc1f84c25c37cafa0b5f69d
  md5: 0637562978d4231902754645e4c28640
  depends:
  - python
  - numpy >=1.24.1
  - scipy >=1.10.0
  - joblib >=1.4.0
  - threadpoolctl >=3.5.0
  - narwhals >=2.0.1
  - vc >=14.3,<15
  - vc14_runtime >=14.44.35208
  - ucrt >=10.0.20348.0
  - numpy >=1.23,<3
  - python_abi 3.12.* *_cp312
  license: BSD-3-Clause
  license_family: BSD
  run_exports: {}
  size: 9153589
  timestamp: 1780413519467
- conda: https://conda.anaconda.org/conda-forge/win-64/scipy-1.18.0-py312h9b3c559_0.conda
  sha256: 68e7c49be1e409ed2ac44f2977581d58a9a4d12e6724a4a5c5470348e5e40f34
  md5: e1fee578f6c533ff532693143919afde
  depends:
  - libblas >=3.9.0,<4.0a0
  - libcblas >=3.9.0,<4.0a0
  - liblapack >=3.9.0,<4.0a0
  - numpy <2.7
  - numpy >=1.23,<3
  - numpy >=2.0.0
  - python >=3.12,<3.13.0a0
  - python_abi 3.12.* *_cp312
  - ucrt >=10.0.20348.0
  - vc >=14.3,<15
  - vc14_runtime >=14.44.35208
  license: BSD-3-Clause
  license_family: BSD
  run_exports: {}
  size: 15077907
  timestamp: 1781914327034
- conda: https://conda.anaconda.org/conda-forge/win-64/tbb-2023.0.0-hdcfe883_3.conda
  sha256: 03ba7196a7ffe842d26aa7020d8ffddb2c1589d27779cf98a8d1a278a08b41c7
  md5: 632effc5cd23068512f7661821764807
  depends:
  - libhwloc >=2.13.0,<2.13.1.0a0
  - ucrt >=10.0.20348.0
  - vc >=14.3,<15
  - vc14_runtime >=14.44.35208
  license: Apache-2.0
  license_family: APACHE
  run_exports: {}
  size: 156747
  timestamp: 1788769928020
- conda: https://conda.anaconda.org/conda-forge/win-64/tk-8.6.13-h967ab96_4.conda
  sha256: f19618a3a82cc483dacf1c70a30367ee7b0c7e71b90f1f80e14feff44fbd3688
  md5: dd9eb33c99d352b6356f86964d6040f7
  depends:
  - vc >=14.3,<15
  - vc14_runtime >=14.44.35208
  - ucrt >=10.0.20348.0
  license: TCL
  run_exports:
    weak:
    - tk >=8.6.13,<8.7.0a0
  size: 3782376
  timestamp: 1787272860855
- conda: https://conda.anaconda.org/conda-forge/win-64/ucrt-10.0.26100.0-h57928b3_0.conda
  sha256: 3005729dce6f3d3f5ec91dfc49fc75a0095f9cd23bab49efb899657297ac91a5
  md5: 71b24316859acd00bdb8b38f5e2ce328
  constrains:
  - vc14_runtime >=14.29.30037
  - vs2015_runtime >=14.29.30037
  license: LicenseRef-MicrosoftWindowsSDK10
  run_exports: {}
  size: 694692
  timestamp: 1756385147981
- conda: https://conda.anaconda.org/conda-forge/win-64/vc-14.5-ha367084_41.conda
  sha256: 35444c55a92e2f7f7ba26bc70f81e56e52344f7d064c0fd4b40a46a58517b79c
  md5: aa805b5522c2a98fa286e551a1f48546
  depends:
  - vc14_runtime >=14.51.36247
  track_features:
  - vc14
  license: BSD-3-Clause
  license_family: BSD
  run_exports: {}
  size: 21383
  timestamp: 1785359368566
- conda: https://conda.anaconda.org/conda-forge/win-64/vc14_runtime-14.51.36247-habf1de7_41.conda
  sha256: 4e4cb599cdc41bf2109d1464c127b5bcbddf548ce3e322e612afb691338b48f8
  md5: ac5333bb3d429361f23adf704cc49a78
  depends:
  - ucrt >=10.0.20348.0
  - vcomp14 14.51.36247 habf1de7_41
  constrains:
  - vs2015_runtime 14.51.36247.* *_41
  license: LicenseRef-MicrosoftVisualCpp2015-2022Runtime
  license_family: Proprietary
  run_exports: {}
  size: 767955
  timestamp: 1785359364369
- conda: https://conda.anaconda.org/conda-forge/win-64/vcomp14-14.51.36247-habf1de7_41.conda
  sha256: 731e043390c9457299484d39e427221fc868a9249540a498a5a4f6456c7744d1
  md5: 350bb67a5c8e5f1c53347ac544ab6600
  depends:
  - ucrt >=10.0.20348.0
  constrains:
  - vs2015_runtime 14.51.36247.* *_41
  license: LicenseRef-MicrosoftVisualCpp2015-2022Runtime
  license_family: Proprietary
  run_exports:
    strong:
    - vcomp14 >=14.51.36247
  size: 155910
  timestamp: 1785359349999
- conda: https://conda.anaconda.org/conda-forge/win-64/xorg-libxau-1.0.12-hba3369d_2.conda
  sha256: 892ad69b1a9ecc3903ed5a1b18fa097013eaf462eeed3c6ff31bf5c12e71e84b
  md5: 87aee04978ab77bf4c0f42b983c216cc
  depends:
  - libgcc >=14
  - libwinpthread >=12.0.0.r4.gg4f2fc60ca
  - ucrt >=10.0.20348.0
  license: MIT
  license_family: MIT
  run_exports:
    weak:
    - xorg-libxau >=1.0.12,<2.0a0
  size: 110446
  timestamp: 1786381242485
- conda: https://conda.anaconda.org/conda-forge/win-64/xorg-libxdmcp-1.1.5-hba3369d_2.conda
  sha256: 21b11bb98c41ece4ce6069d86d826b50b3d73020fb631b97e59a0521dd9d08a1
  md5: 0e21a45f1bb429b6e35e82631e60554a
  depends:
  - libgcc >=14
  - libwinpthread >=12.0.0.r4.gg4f2fc60ca
  - ucrt >=10.0.20348.0
  license: MIT
  license_family: MIT
  run_exports:
    weak:
    - xorg-libxdmcp >=1.1.5,<2.0a0
  size: 71362
  timestamp: 1786381239727
- conda: https://conda.anaconda.org/conda-forge/win-64/zlib-ng-2.3.3-h0261ad2_1.conda
  sha256: 71332532332d13b5dbe57074ddcf82ae711bdc132affa5a2982a29ffa06dc234
  md5: 46a21c0a4e65f1a135251fc7c8663f83
  depends:
  - ucrt >=10.0.20348.0
  - vc >=14.3,<15
  - vc14_runtime >=14.44.35208
  license: Zlib
  license_family: Other
  run_exports:
    weak:
    - zlib-ng >=2.3.3,<2.4.0a0
  size: 124542
  timestamp: 1770167984883
- conda: https://conda.anaconda.org/conda-forge/win-64/zstd-1.5.7-h534d264_7.conda
  sha256: ca7daae4f218a11fab82cc2857f0ea518ec3f46acec60490485347a4c22c6b3e
  md5: e4ac308c39d6d0e131154976da67cf3b
  depends:
  - vc >=14.3,<15
  - vc14_runtime >=14.44.35208
  - ucrt >=10.0.20348.0
  - libzlib >=1.3.2,<2.0a0
  license: BSD-3-Clause
  license_family: BSD
  run_exports:
    weak:
    - zstd >=1.5.7,<1.6.0a0
  size: 387535
  timestamp: 1786599623274
